PODS:
  - ATRLogFormatter (1.3.1):
    - CocoaLumberjack (= 2.3.0)
  - CocoaLumberjack (2.3.0):
    - CocoaLumberjack/Default (= 2.3.0)
    - CocoaLumberjack/Extensions (= 2.3.0)
  - CocoaLumberjack/Core (2.3.0)
  - CocoaLumberjack/Default (2.3.0):
    - CocoaLumberjack/Core
  - CocoaLumberjack/Extensions (2.3.0):
    - CocoaLumberjack/Default

DEPENDENCIES:
  - ATRLogFormatter (from `../`)

EXTERNAL SOURCES:
  ATRLogFormatter:
    :path: "../"

SPEC CHECKSUMS:
  ATRLogFormatter: 19501228f91cdb4a1d654dff11fb896106894799
  CocoaLumberjack: 97fab7ee5f507fe54445cca7ea80f926729cfd15

PODFILE CHECKSUM: ae22c3166083f9757baabdf1e37e050e2c99436d

COCOAPODS: 1.0.1
