PODS:
  - ATRLogFormatter (1.2.0):
    - CocoaLumberjack/Swift (= 2.3.0)
  - CocoaLumberjack/Core (2.3.0)
  - CocoaLumberjack/Default (2.3.0):
    - CocoaLumberjack/Core
  - CocoaLumberjack/Extensions (2.3.0):
    - CocoaLumberjack/Default
  - CocoaLumberjack/Swift (2.3.0):
    - CocoaLumberjack/Extensions

DEPENDENCIES:
  - ATRLogFormatter (from `../`)

EXTERNAL SOURCES:
  ATRLogFormatter:
    :path: "../"

SPEC CHECKSUMS:
  ATRLogFormatter: fef88762cd3dbdc4a5c4de8869b6fb133041481a
  CocoaLumberjack: 97fab7ee5f507fe54445cca7ea80f926729cfd15

COCOAPODS: 0.39.0
